// !$*UTF8*$!
{
	archiveVersion = 1;
	classes = {
	};
	objectVersion = 56;
	objects = {

/* Begin PBXBuildFile section */
		D5EC693429E1E71400B40A16 /* PokedexApp.swift in Sources */ = {isa = PBXBuildFile; fileRef = D5EC693329E1E71400B40A16 /* PokedexApp.swift */; };
		D5EC693629E1E71400B40A16 /* ContentView.swift in Sources */ = {isa = PBXBuildFile; fileRef = D5EC693529E1E71400B40A16 /* ContentView.swift */; };
		D5EC693829E1E71400B40A16 /* Assets.xcassets in Resources */ = {isa = PBXBuildFile; fileRef = D5EC693729E1E71400B40A16 /* Assets.xcassets */; };
		D5EC693B29E1E71400B40A16 /* Preview Assets.xcassets in Resources */ = {isa = PBXBuildFile; fileRef = D5EC693A29E1E71400B40A16 /* Preview Assets.xcassets */; };
		D5EC694529E1E71500B40A16 /* PokedexTests.swift in Sources */ = {isa = PBXBuildFile; fileRef = D5EC694429E1E71500B40A16 /* PokedexTests.swift */; };
		D5EC694F29E1E71500B40A16 /* PokedexUITests.swift in Sources */ = {isa = PBXBuildFile; fileRef = D5EC694E29E1E71500B40A16 /* PokedexUITests.swift */; };
		D5EC695129E1E71500B40A16 /* PokedexUITestsLaunchTests.swift in Sources */ = {isa = PBXBuildFile; fileRef = D5EC695029E1E71500B40A16 /* PokedexUITestsLaunchTests.swift */; };
		D5EC696329E1EA1A00B40A16 /* PokeAPIResponse.swift in Sources */ = {isa = PBXBuildFile; fileRef = D5EC696229E1EA1A00B40A16 /* PokeAPIResponse.swift */; };
		D5EC696529E1EA7000B40A16 /* PokemonViewModel.swift in Sources */ = {isa = PBXBuildFile; fileRef = D5EC696429E1EA7000B40A16 /* PokemonViewModel.swift */; };
		D5EC696729E1EA8600B40A16 /* API.swift in Sources */ = {isa = PBXBuildFile; fileRef = D5EC696629E1EA8600B40A16 /* API.swift */; };
/* End PBXBuildFile section */

/* Begin PBXContainerItemProxy section */
		D5EC694129E1E71500B40A16 /* PBXContainerItemProxy */ = {
			isa = PBXContainerItemProxy;
			containerPortal = D5EC692829E1E71300B40A16 /* Project object */;
			proxyType = 1;
			remoteGlobalIDString = D5EC692F29E1E71300B40A16;
			remoteInfo = Pokedex;
		};
		D5EC694B29E1E71500B40A16 /* PBXContainerItemProxy */ = {
			isa = PBXContainerItemProxy;
			containerPortal = D5EC692829E1E71300B40A16 /* Project object */;
			proxyType = 1;
			remoteGlobalIDString = D5EC692F29E1E71300B40A16;
			remoteInfo = Pokedex;
		};
/* End PBXContainerItemProxy section */

/* Begin PBXFileReference section */
		D5EC693029E1E71400B40A16 /* Pokedex.app */ = {isa = PBXFileReference; explicitFileType = wrapper.application; includeInIndex = 0; path = Pokedex.app; sourceTree = BUILT_PRODUCTS_DIR; };
		D5EC693329E1E71400B40A16 /* PokedexApp.swift */ = {isa = PBXFileReference; lastKnownFileType = sourcecode.swift; path = PokedexApp.swift; sourceTree = "<group>"; };
		D5EC693529E1E71400B40A16 /* ContentView.swift */ = {isa = PBXFileReference; lastKnownFileType = sourcecode.swift; path = ContentView.swift; sourceTree = "<group>"; };
		D5EC693729E1E71400B40A16 /* Assets.xcassets */ = {isa = PBXFileReference; lastKnownFileType = folder.assetcatalog; path = Assets.xcassets; sourceTree = "<group>"; };
		D5EC693A29E1E71400B40A16 /* Preview Assets.xcassets */ = {isa = PBXFileReference; lastKnownFileType = folder.assetcatalog; path = "Preview Assets.xcassets"; sourceTree = "<group>"; };
		D5EC694029E1E71500B40A16 /* PokedexTests.xctest */ = {isa = PBXFileReference; explicitFileType = wrapper.cfbundle; includeInIndex = 0; path = PokedexTests.xctest; sourceTree = BUILT_PRODUCTS_DIR; };
		D5EC694429E1E71500B40A16 /* PokedexTests.swift */ = {isa = PBXFileReference; lastKnownFileType = sourcecode.swift; path = PokedexTests.swift; sourceTree = "<group>"; };
		D5EC694A29E1E71500B40A16 /* PokedexUITests.xctest */ = {isa = PBXFileReference; explicitFileType = wrapper.cfbundle; includeInIndex = 0; path = PokedexUITests.xctest; sourceTree = BUILT_PRODUCTS_DIR; };
		D5EC694E29E1E71500B40A16 /* PokedexUITests.swift */ = {isa = PBXFileReference; lastKnownFileType = sourcecode.swift; path = PokedexUITests.swift; sourceTree = "<group>"; };
		D5EC695029E1E71500B40A16 /* PokedexUITestsLaunchTests.swift */ = {isa = PBXFileReference; lastKnownFileType = sourcecode.swift; path = PokedexUITestsLaunchTests.swift; sourceTree = "<group>"; };
		D5EC695D29E1E78100B40A16 /* README.md */ = {isa = PBXFileReference; lastKnownFileType = net.daringfireball.markdown; path = README.md; sourceTree = "<group>"; };
		D5EC696229E1EA1A00B40A16 /* PokeAPIResponse.swift */ = {isa = PBXFileReference; lastKnownFileType = sourcecode.swift; path = PokeAPIResponse.swift; sourceTree = "<group>"; };
		D5EC696429E1EA7000B40A16 /* PokemonViewModel.swift */ = {isa = PBXFileReference; lastKnownFileType = sourcecode.swift; path = PokemonViewModel.swift; sourceTree = "<group>"; };
		D5EC696629E1EA8600B40A16 /* API.swift */ = {isa = PBXFileReference; lastKnownFileType = sourcecode.swift; path = API.swift; sourceTree = "<group>"; };
/* End PBXFileReference section */

/* Begin PBXFrameworksBuildPhase section */
		D5EC692D29E1E71300B40A16 /* Frameworks */ = {
			isa = PBXFrameworksBuildPhase;
			buildActionMask = 2147483647;
			files = (
			);
			runOnlyForDeploymentPostprocessing = 0;
		};
		D5EC693D29E1E71500B40A16 /* Frameworks */ = {
			isa = PBXFrameworksBuildPhase;
			buildActionMask = 2147483647;
			files = (
			);
			runOnlyForDeploymentPostprocessing = 0;
		};
		D5EC694729E1E71500B40A16 /* Frameworks */ = {
			isa = PBXFrameworksBuildPhase;
			buildActionMask = 2147483647;
			files = (
			);
			runOnlyForDeploymentPostprocessing = 0;
		};
/* End PBXFrameworksBuildPhase section */

/* Begin PBXGroup section */
		D5EC692729E1E71300B40A16 = {
			isa = PBXGroup;
			children = (
				D5EC695D29E1E78100B40A16 /* README.md */,
				D5EC693229E1E71400B40A16 /* Pokedex */,
				D5EC694329E1E71500B40A16 /* PokedexTests */,
				D5EC694D29E1E71500B40A16 /* PokedexUITests */,
				D5EC693129E1E71400B40A16 /* Products */,
			);
			sourceTree = "<group>";
		};
		D5EC693129E1E71400B40A16 /* Products */ = {
			isa = PBXGroup;
			children = (
				D5EC693029E1E71400B40A16 /* Pokedex.app */,
				D5EC694029E1E71500B40A16 /* PokedexTests.xctest */,
				D5EC694A29E1E71500B40A16 /* PokedexUITests.xctest */,
			);
			name = Products;
			sourceTree = "<group>";
		};
		D5EC693229E1E71400B40A16 /* Pokedex */ = {
			isa = PBXGroup;
			children = (
				D5EC696129E1E99A00B40A16 /* Networking */,
				D5EC696029E1E99000B40A16 /* ViewModel */,
				D5EC695F29E1E98500B40A16 /* Models */,
				D5EC695E29E1E97900B40A16 /* Views */,
				D5EC693329E1E71400B40A16 /* PokedexApp.swift */,
				D5EC693729E1E71400B40A16 /* Assets.xcassets */,
				D5EC693929E1E71400B40A16 /* Preview Content */,
			);
			path = Pokedex;
			sourceTree = "<group>";
		};
		D5EC693929E1E71400B40A16 /* Preview Content */ = {
			isa = PBXGroup;
			children = (
				D5EC693A29E1E71400B40A16 /* Preview Assets.xcassets */,
			);
			path = "Preview Content";
			sourceTree = "<group>";
		};
		D5EC694329E1E71500B40A16 /* PokedexTests */ = {
			isa = PBXGroup;
			children = (
				D5EC694429E1E71500B40A16 /* PokedexTests.swift */,
			);
			path = PokedexTests;
			sourceTree = "<group>";
		};
		D5EC694D29E1E71500B40A16 /* PokedexUITests */ = {
			isa = PBXGroup;
			children = (
				D5EC694E29E1E71500B40A16 /* PokedexUITests.swift */,
				D5EC695029E1E71500B40A16 /* PokedexUITestsLaunchTests.swift */,
			);
			path = PokedexUITests;
			sourceTree = "<group>";
		};
		D5EC695E29E1E97900B40A16 /* Views */ = {
			isa = PBXGroup;
			children = (
				D5EC693529E1E71400B40A16 /* ContentView.swift */,
			);
			path = Views;
			sourceTree = "<group>";
		};
		D5EC695F29E1E98500B40A16 /* Models */ = {
			isa = PBXGroup;
			children = (
				D5EC696229E1EA1A00B40A16 /* PokeAPIResponse.swift */,
			);
			path = Models;
			sourceTree = "<group>";
		};
		D5EC696029E1E99000B40A16 /* ViewModel */ = {
			isa = PBXGroup;
			children = (
				D5EC696429E1EA7000B40A16 /* PokemonViewModel.swift */,
			);
			path = ViewModel;
			sourceTree = "<group>";
		};
		D5EC696129E1E99A00B40A16 /* Networking */ = {
			isa = PBXGroup;
			children = (
				D5EC696629E1EA8600B40A16 /* API.swift */,
			);
			path = Networking;
			sourceTree = "<group>";
		};
/* End PBXGroup section */

/* Begin PBXNativeTarget section */
		D5EC692F29E1E71300B40A16 /* Pokedex */ = {
			isa = PBXNativeTarget;
			buildConfigurationList = D5EC695429E1E71500B40A16 /* Build configuration list for PBXNativeTarget "Pokedex" */;
			buildPhases = (
				D5EC692C29E1E71300B40A16 /* Sources */,
				D5EC692D29E1E71300B40A16 /* Frameworks */,
				D5EC692E29E1E71300B40A16 /* Resources */,
			);
			buildRules = (
			);
			dependencies = (
			);
			name = Pokedex;
			productName = Pokedex;
			productReference = D5EC693029E1E71400B40A16 /* Pokedex.app */;
			productType = "com.apple.product-type.application";
		};
		D5EC693F29E1E71500B40A16 /* PokedexTests */ = {
			isa = PBXNativeTarget;
			buildConfigurationList = D5EC695729E1E71500B40A16 /* Build configuration list for PBXNativeTarget "PokedexTests" */;
			buildPhases = (
				D5EC693C29E1E71500B40A16 /* Sources */,
				D5EC693D29E1E71500B40A16 /* Frameworks */,
				D5EC693E29E1E71500B40A16 /* Resources */,
			);
			buildRules = (
			);
			dependencies = (
				D5EC694229E1E71500B40A16 /* PBXTargetDependency */,
			);
			name = PokedexTests;
			productName = PokedexTests;
			productReference = D5EC694029E1E71500B40A16 /* PokedexTests.xctest */;
			productType = "com.apple.product-type.bundle.unit-test";
		};
		D5EC694929E1E71500B40A16 /* PokedexUITests */ = {
			isa = PBXNativeTarget;
			buildConfigurationList = D5EC695A29E1E71500B40A16 /* Build configuration list for PBXNativeTarget "PokedexUITests" */;
			buildPhases = (
				D5EC694629E1E71500B40A16 /* Sources */,
				D5EC694729E1E71500B40A16 /* Frameworks */,
				D5EC694829E1E71500B40A16 /* Resources */,
			);
			buildRules = (
			);
			dependencies = (
				D5EC694C29E1E71500B40A16 /* PBXTargetDependency */,
			);
			name = PokedexUITests;
			productName = PokedexUITests;
			productReference = D5EC694A29E1E71500B40A16 /* PokedexUITests.xctest */;
			productType = "com.apple.product-type.bundle.ui-testing";
		};
/* End PBXNativeTarget section */

/* Begin PBXProject section */
		D5EC692829E1E71300B40A16 /* Project object */ = {
			isa = PBXProject;
			attributes = {
				BuildIndependentTargetsInParallel = 1;
				LastSwiftUpdateCheck = 1420;
				LastUpgradeCheck = 1420;
				TargetAttributes = {
					D5EC692F29E1E71300B40A16 = {
						CreatedOnToolsVersion = 14.2;
					};
					D5EC693F29E1E71500B40A16 = {
						CreatedOnToolsVersion = 14.2;
						TestTargetID = D5EC692F29E1E71300B40A16;
					};
					D5EC694929E1E71500B40A16 = {
						CreatedOnToolsVersion = 14.2;
						TestTargetID = D5EC692F29E1E71300B40A16;
					};
				};
			};
			buildConfigurationList = D5EC692B29E1E71300B40A16 /* Build configuration list for PBXProject "Pokedex" */;
			compatibilityVersion = "Xcode 14.0";
			developmentRegion = en;
			hasScannedForEncodings = 0;
			knownRegions = (
				en,
				Base,
			);
			mainGroup = D5EC692729E1E71300B40A16;
			productRefGroup = D5EC693129E1E71400B40A16 /* Products */;
			projectDirPath = "";
			projectRoot = "";
			targets = (
				D5EC692F29E1E71300B40A16 /* Pokedex */,
				D5EC693F29E1E71500B40A16 /* PokedexTests */,
				D5EC694929E1E71500B40A16 /* PokedexUITests */,
			);
		};
/* End PBXProject section */

/* Begin PBXResourcesBuildPhase section */
		D5EC692E29E1E71300B40A16 /* Resources */ = {
			isa = PBXResourcesBuildPhase;
			buildActionMask = 2147483647;
			files = (
				D5EC693B29E1E71400B40A16 /* Preview Assets.xcassets in Resources */,
				D5EC693829E1E71400B40A16 /* Assets.xcassets in Resources */,
			);
			runOnlyForDeploymentPostprocessing = 0;
		};
		D5EC693E29E1E71500B40A16 /* Resources */ = {
			isa = PBXResourcesBuildPhase;
			buildActionMask = 2147483647;
			files = (
			);
			runOnlyForDeploymentPostprocessing = 0;
		};
		D5EC694829E1E71500B40A16 /* Resources */ = {
			isa = PBXResourcesBuildPhase;
			buildActionMask = 2147483647;
			files = (
			);
			runOnlyForDeploymentPostprocessing = 0;
		};
/* End PBXResourcesBuildPhase section */

/* Begin PBXSourcesBuildPhase section */
		D5EC692C29E1E71300B40A16 /* Sources */ = {
			isa = PBXSourcesBuildPhase;
			buildActionMask = 2147483647;
			files = (
				D5EC693629E1E71400B40A16 /* ContentView.swift in Sources */,
				D5EC693429E1E71400B40A16 /* PokedexApp.swift in Sources */,
				D5EC696529E1EA7000B40A16 /* PokemonViewModel.swift in Sources */,
				D5EC696329E1EA1A00B40A16 /* PokeAPIResponse.swift in Sources */,
				D5EC696729E1EA8600B40A16 /* API.swift in Sources */,
			);
			runOnlyForDeploymentPostprocessing = 0;
		};
		D5EC693C29E1E71500B40A16 /* Sources */ = {
			isa = PBXSourcesBuildPhase;
			buildActionMask = 2147483647;
			files = (
				D5EC694529E1E71500B40A16 /* PokedexTests.swift in Sources */,
			);
			runOnlyForDeploymentPostprocessing = 0;
		};
		D5EC694629E1E71500B40A16 /* Sources */ = {
			isa = PBXSourcesBuildPhase;
			buildActionMask = 2147483647;
			files = (
				D5EC694F29E1E71500B40A16 /* PokedexUITests.swift in Sources */,
				D5EC695129E1E71500B40A16 /* PokedexUITestsLaunchTests.swift in Sources */,
			);
			runOnlyForDeploymentPostprocessing = 0;
		};
/* End PBXSourcesBuildPhase section */

/* Begin PBXTargetDependency section */
		D5EC694229E1E71500B40A16 /* PBXTargetDependency */ = {
			isa = PBXTargetDependency;
			target = D5EC692F29E1E71300B40A16 /* Pokedex */;
			targetProxy = D5EC694129E1E71500B40A16 /* PBXContainerItemProxy */;
		};
		D5EC694C29E1E71500B40A16 /* PBXTargetDependency */ = {
			isa = PBXTargetDependency;
			target = D5EC692F29E1E71300B40A16 /* Pokedex */;
			targetProxy = D5EC694B29E1E71500B40A16 /* PBXContainerItemProxy */;
		};
/* End PBXTargetDependency section */

/* Begin XCBuildConfiguration section */
		D5EC695229E1E71500B40A16 /* Debug */ = {
			isa = XCBuildConfiguration;
			buildSettings = {
				ALWAYS_SEARCH_USER_PATHS = NO;
				CLANG_ANALYZER_NONNULL = YES;
				CLANG_ANALYZER_NUMBER_OBJECT_CONVERSION = YES_AGGRESSIVE;
				CLANG_CXX_LANGUAGE_STANDARD = "gnu++20";
				CLANG_ENABLE_MODULES = YES;
				CLANG_ENABLE_OBJC_ARC = YES;
				CLANG_ENABLE_OBJC_WEAK = YES;
				CLANG_WARN_BLOCK_CAPTURE_AUTORELEASING = YES;
				CLANG_WARN_BOOL_CONVERSION = YES;
				CLANG_WARN_COMMA = YES;
				CLANG_WARN_CONSTANT_CONVERSION = YES;
				CLANG_WARN_DEPRECATED_OBJC_IMPLEMENTATIONS = YES;
				CLANG_WARN_DIRECT_OBJC_ISA_USAGE = YES_ERROR;
				CLANG_WARN_DOCUMENTATION_COMMENTS = YES;
				CLANG_WARN_EMPTY_BODY = YES;
				CLANG_WARN_ENUM_CONVERSION = YES;
				CLANG_WARN_INFINITE_RECURSION = YES;
				CLANG_WARN_INT_CONVERSION = YES;
				CLANG_WARN_NON_LITERAL_NULL_CONVERSION = YES;
				CLANG_WARN_OBJC_IMPLICIT_RETAIN_SELF = YES;
				CLANG_WARN_OBJC_LITERAL_CONVERSION = YES;
				CLANG_WARN_OBJC_ROOT_CLASS = YES_ERROR;
				CLANG_WARN_QUOTED_INCLUDE_IN_FRAMEWORK_HEADER = YES;
				CLANG_WARN_RANGE_LOOP_ANALYSIS = YES;
				CLANG_WARN_STRICT_PROTOTYPES = YES;
				CLANG_WARN_SUSPICIOUS_MOVE = YES;
				CLANG_WARN_UNGUARDED_AVAILABILITY = YES_AGGRESSIVE;
				CLANG_WARN_UNREACHABLE_CODE = YES;
				CLANG_WARN__DUPLICATE_METHOD_MATCH = YES;
				COPY_PHASE_STRIP = NO;
				DEBUG_INFORMATION_FORMAT = dwarf;
				ENABLE_STRICT_OBJC_MSGSEND = YES;
				ENABLE_TESTABILITY = YES;
				GCC_C_LANGUAGE_STANDARD = gnu11;
				GCC_DYNAMIC_NO_PIC = NO;
				GCC_NO_COMMON_BLOCKS = YES;
				GCC_OPTIMIZATION_LEVEL = 0;
				GCC_PREPROCESSOR_DEFINITIONS = (
					"DEBUG=1",
					"$(inherited)",
				);
				GCC_WARN_64_TO_32_BIT_CONVERSION = YES;
				GCC_WARN_ABOUT_RETURN_TYPE = YES_ERROR;
				GCC_WARN_UNDECLARED_SELECTOR = YES;
				GCC_WARN_UNINITIALIZED_AUTOS = YES_AGGRESSIVE;
				GCC_WARN_UNUSED_FUNCTION = YES;
				GCC_WARN_UNUSED_VARIABLE = YES;
				IPHONEOS_DEPLOYMENT_TARGET = 16.2;
				MTL_ENABLE_DEBUG_INFO = INCLUDE_SOURCE;
				MTL_FAST_MATH = YES;
				ONLY_ACTIVE_ARCH = YES;
				SDKROOT = iphoneos;
				SWIFT_ACTIVE_COMPILATION_CONDITIONS = DEBUG;
				SWIFT_OPTIMIZATION_LEVEL = "-Onone";
			};
			name = Debug;
		};
		D5EC695329E1E71500B40A16 /* Release */ = {
			isa = XCBuildConfiguration;
			buildSettings = {
				ALWAYS_SEARCH_USER_PATHS = NO;
				CLANG_ANALYZER_NONNULL = YES;
				CLANG_ANALYZER_NUMBER_OBJECT_CONVERSION = YES_AGGRESSIVE;
				CLANG_CXX_LANGUAGE_STANDARD = "gnu++20";
				CLANG_ENABLE_MODULES = YES;
				CLANG_ENABLE_OBJC_ARC = YES;
				CLANG_ENABLE_OBJC_WEAK = YES;
				CLANG_WARN_BLOCK_CAPTURE_AUTORELEASING = YES;
				CLANG_WARN_BOOL_CONVERSION = YES;
				CLANG_WARN_COMMA = YES;
				CLANG_WARN_CONSTANT_CONVERSION = YES;
				CLANG_WARN_DEPRECATED_OBJC_IMPLEMENTATIONS = YES;
				CLANG_WARN_DIRECT_OBJC_ISA_USAGE = YES_ERROR;
				CLANG_WARN_DOCUMENTATION_COMMENTS = YES;
				CLANG_WARN_EMPTY_BODY = YES;
				CLANG_WARN_ENUM_CONVERSION = YES;
				CLANG_WARN_INFINITE_RECURSION = YES;
				CLANG_WARN_INT_CONVERSION = YES;
				CLANG_WARN_NON_LITERAL_NULL_CONVERSION = YES;
				CLANG_WARN_OBJC_IMPLICIT_RETAIN_SELF = YES;
				CLANG_WARN_OBJC_LITERAL_CONVERSION = YES;
				CLANG_WARN_OBJC_ROOT_CLASS = YES_ERROR;
				CLANG_WARN_QUOTED_INCLUDE_IN_FRAMEWORK_HEADER = YES;
				CLANG_WARN_RANGE_LOOP_ANALYSIS = YES;
				CLANG_WARN_STRICT_PROTOTYPES = YES;
				CLANG_WARN_SUSPICIOUS_MOVE = YES;
				CLANG_WARN_UNGUARDED_AVAILABILITY = YES_AGGRESSIVE;
				CLANG_WARN_UNREACHABLE_CODE = YES;
				CLANG_WARN__DUPLICATE_METHOD_MATCH = YES;
				COPY_PHASE_STRIP = NO;
				DEBUG_INFORMATION_FORMAT = "dwarf-with-dsym";
				ENABLE_NS_ASSERTIONS = NO;
				ENABLE_STRICT_OBJC_MSGSEND = YES;
				GCC_C_LANGUAGE_STANDARD = gnu11;
				GCC_NO_COMMON_BLOCKS = YES;
				GCC_WARN_64_TO_32_BIT_CONVERSION = YES;
				GCC_WARN_ABOUT_RETURN_TYPE = YES_ERROR;
				GCC_WARN_UNDECLARED_SELECTOR = YES;
				GCC_WARN_UNINITIALIZED_AUTOS = YES_AGGRESSIVE;
				GCC_WARN_UNUSED_FUNCTION = YES;
				GCC_WARN_UNUSED_VARIABLE = YES;
				IPHONEOS_DEPLOYMENT_TARGET = 16.2;
				MTL_ENABLE_DEBUG_INFO = NO;
				MTL_FAST_MATH = YES;
				SDKROOT = iphoneos;
				SWIFT_COMPILATION_MODE = wholemodule;
				SWIFT_OPTIMIZATION_LEVEL = "-O";
				VALIDATE_PRODUCT = YES;
			};
			name = Release;
		};
		D5EC695529E1E71500B40A16 /* Debug */ = {
			isa = XCBuildConfiguration;
			buildSettings = {
				ASSETCATALOG_COMPILER_APPICON_NAME = AppIcon;
				ASSETCATALOG_COMPILER_GLOBAL_ACCENT_COLOR_NAME = AccentColor;
				CODE_SIGN_STYLE = Automatic;
				CURRENT_PROJECT_VERSION = 1;
				DEVELOPMENT_ASSET_PATHS = "\"Pokedex/Preview Content\"";
				ENABLE_PREVIEWS = YES;
				GENERATE_INFOPLIST_FILE = YES;
				INFOPLIST_KEY_UIApplicationSceneManifest_Generation = YES;
				INFOPLIST_KEY_UIApplicationSupportsIndirectInputEvents = YES;
				INFOPLIST_KEY_UILaunchScreen_Generation = YES;
				INFOPLIST_KEY_UISupportedInterfaceOrientations_iPad = "UIInterfaceOrientationPortrait UIInterfaceOrientationPortraitUpsideDown UIInterfaceOrientationLandscapeLeft UIInterfaceOrientationLandscapeRight";
				INFOPLIST_KEY_UISupportedInterfaceOrientations_iPhone = "UIInterfaceOrientationPortrait UIInterfaceOrientationLandscapeLeft UIInterfaceOrientationLandscapeRight";
				LD_RUNPATH_SEARCH_PATHS = (
					"$(inherited)",
					"@executable_path/Frameworks",
				);
				MARKETING_VERSION = 1.0;
				PRODUCT_BUNDLE_IDENTIFIER = com.pedroacevedo.Pokedex;
				PRODUCT_NAME = "$(TARGET_NAME)";
				SWIFT_EMIT_LOC_STRINGS = YES;
				SWIFT_VERSION = 5.0;
				TARGETED_DEVICE_FAMILY = "1,2";
			};
			name = Debug;
		};
		D5EC695629E1E71500B40A16 /* Release */ = {
			isa = XCBuildConfiguration;
			buildSettings = {
				ASSETCATALOG_COMPILER_APPICON_NAME = AppIcon;
				ASSETCATALOG_COMPILER_GLOBAL_ACCENT_COLOR_NAME = AccentColor;
				CODE_SIGN_STYLE = Automatic;
				CURRENT_PROJECT_VERSION = 1;
				DEVELOPMENT_ASSET_PATHS = "\"Pokedex/Preview Content\"";
				ENABLE_PREVIEWS = YES;
				GENERATE_INFOPLIST_FILE = YES;
				INFOPLIST_KEY_UIApplicationSceneManifest_Generation = YES;
				INFOPLIST_KEY_UIApplicationSupportsIndirectInputEvents = YES;
				INFOPLIST_KEY_UILaunchScreen_Generation = YES;
				INFOPLIST_KEY_UISupportedInterfaceOrientations_iPad = "UIInterfaceOrientationPortrait UIInterfaceOrientationPortraitUpsideDown UIInterfaceOrientationLandscapeLeft UIInterfaceOrientationLandscapeRight";
				INFOPLIST_KEY_UISupportedInterfaceOrientations_iPhone = "UIInterfaceOrientationPortrait UIInterfaceOrientationLandscapeLeft UIInterfaceOrientationLandscapeRight";
				LD_RUNPATH_SEARCH_PATHS = (
					"$(inherited)",
					"@executable_path/Frameworks",
				);
				MARKETING_VERSION = 1.0;
				PRODUCT_BUNDLE_IDENTIFIER = com.pedroacevedo.Pokedex;
				PRODUCT_NAME = "$(TARGET_NAME)";
				SWIFT_EMIT_LOC_STRINGS = YES;
				SWIFT_VERSION = 5.0;
				TARGETED_DEVICE_FAMILY = "1,2";
			};
			name = Release;
		};
		D5EC695829E1E71500B40A16 /* Debug */ = {
			isa = XCBuildConfiguration;
			buildSettings = {
				ALWAYS_EMBED_SWIFT_STANDARD_LIBRARIES = YES;
				BUNDLE_LOADER = "$(TEST_HOST)";
				CODE_SIGN_STYLE = Automatic;
				CURRENT_PROJECT_VERSION = 1;
				GENERATE_INFOPLIST_FILE = YES;
				IPHONEOS_DEPLOYMENT_TARGET = 16.2;
				MARKETING_VERSION = 1.0;
				PRODUCT_BUNDLE_IDENTIFIER = com.pedroacevedo.PokedexTests;
				PRODUCT_NAME = "$(TARGET_NAME)";
				SWIFT_EMIT_LOC_STRINGS = NO;
				SWIFT_VERSION = 5.0;
				TARGETED_DEVICE_FAMILY = "1,2";
				TEST_HOST = "$(BUILT_PRODUCTS_DIR)/Pokedex.app/$(BUNDLE_EXECUTABLE_FOLDER_PATH)/Pokedex";
			};
			name = Debug;
		};
		D5EC695929E1E71500B40A16 /* Release */ = {
			isa = XCBuildConfiguration;
			buildSettings = {
				ALWAYS_EMBED_SWIFT_STANDARD_LIBRARIES = YES;
				BUNDLE_LOADER = "$(TEST_HOST)";
				CODE_SIGN_STYLE = Automatic;
				CURRENT_PROJECT_VERSION = 1;
				GENERATE_INFOPLIST_FILE = YES;
				IPHONEOS_DEPLOYMENT_TARGET = 16.2;
				MARKETING_VERSION = 1.0;
				PRODUCT_BUNDLE_IDENTIFIER = com.pedroacevedo.PokedexTests;
				PRODUCT_NAME = "$(TARGET_NAME)";
				SWIFT_EMIT_LOC_STRINGS = NO;
				SWIFT_VERSION = 5.0;
				TARGETED_DEVICE_FAMILY = "1,2";
				TEST_HOST = "$(BUILT_PRODUCTS_DIR)/Pokedex.app/$(BUNDLE_EXECUTABLE_FOLDER_PATH)/Pokedex";
			};
			name = Release;
		};
		D5EC695B29E1E71500B40A16 /* Debug */ = {
			isa = XCBuildConfiguration;
			buildSettings = {
				ALWAYS_EMBED_SWIFT_STANDARD_LIBRARIES = YES;
				CODE_SIGN_STYLE = Automatic;
				CURRENT_PROJECT_VERSION = 1;
				GENERATE_INFOPLIST_FILE = YES;
				MARKETING_VERSION = 1.0;
				PRODUCT_BUNDLE_IDENTIFIER = com.pedroacevedo.PokedexUITests;
				PRODUCT_NAME = "$(TARGET_NAME)";
				SWIFT_EMIT_LOC_STRINGS = NO;
				SWIFT_VERSION = 5.0;
				TARGETED_DEVICE_FAMILY = "1,2";
				TEST_TARGET_NAME = Pokedex;
			};
			name = Debug;
		};
		D5EC695C29E1E71500B40A16 /* Release */ = {
			isa = XCBuildConfiguration;
			buildSettings = {
				ALWAYS_EMBED_SWIFT_STANDARD_LIBRARIES = YES;
				CODE_SIGN_STYLE = Automatic;
				CURRENT_PROJECT_VERSION = 1;
				GENERATE_INFOPLIST_FILE = YES;
				MARKETING_VERSION = 1.0;
				PRODUCT_BUNDLE_IDENTIFIER = com.pedroacevedo.PokedexUITests;
				PRODUCT_NAME = "$(TARGET_NAME)";
				SWIFT_EMIT_LOC_STRINGS = NO;
				SWIFT_VERSION = 5.0;
				TARGETED_DEVICE_FAMILY = "1,2";
				TEST_TARGET_NAME = Pokedex;
			};
			name = Release;
		};
/* End XCBuildConfiguration section */

/* Begin XCConfigurationList section */
		D5EC692B29E1E71300B40A16 /* Build configuration list for PBXProject "Pokedex" */ = {
			isa = XCConfigurationList;
			buildConfigurations = (
				D5EC695229E1E71500B40A16 /* Debug */,
				D5EC695329E1E71500B40A16 /* Release */,
			);
			defaultConfigurationIsVisible = 0;
			defaultConfigurationName = Release;
		};
		D5EC695429E1E71500B40A16 /* Build configuration list for PBXNativeTarget "Pokedex" */ = {
			isa = XCConfigurationList;
			buildConfigurations = (
				D5EC695529E1E71500B40A16 /* Debug */,
				D5EC695629E1E71500B40A16 /* Release */,
			);
			defaultConfigurationIsVisible = 0;
			defaultConfigurationName = Release;
		};
		D5EC695729E1E71500B40A16 /* Build configuration list for PBXNativeTarget "PokedexTests" */ = {
			isa = XCConfigurationList;
			buildConfigurations = (
				D5EC695829E1E71500B40A16 /* Debug */,
				D5EC695929E1E71500B40A16 /* Release */,
			);
			defaultConfigurationIsVisible = 0;
			defaultConfigurationName = Release;
		};
		D5EC695A29E1E71500B40A16 /* Build configuration list for PBXNativeTarget "PokedexUITests" */ = {
			isa = XCConfigurationList;
			buildConfigurations = (
				D5EC695B29E1E71500B40A16 /* Debug */,
				D5EC695C29E1E71500B40A16 /* Release */,
			);
			defaultConfigurationIsVisible = 0;
			defaultConfigurationName = Release;
		};
/* End XCConfigurationList section */
	};
	rootObject = D5EC692829E1E71300B40A16 /* Project object */;
}
